
Microsoft Visual Studio Solution File, Format Version 12.00
# Visual Studio Version 16
VisualStudioVersion = 16.0.31702.278
MinimumVisualStudioVersion = 10.0.40219.1
Project("{FAE04EC0-301F-11D3-BF4B-00C04F79EFBC}") = "ManejoImagenes", "ManejoImagenes\ManejoImagenes.csproj", "{91675B56-F2E3-4D55-8016-111941294677}"
EndProject
Global
	GlobalSection(SolutionConfigurationPlatforms) = preSolution
		Debug|Any CPU = Debug|Any CPU
		Release|Any CPU = Release|Any CPU
	EndGlobalSection
	GlobalSection(ProjectConfigurationPlatforms) = postSolution
		{91675B56-F2E3-4D55-8016-111941294677}.Debug|Any CPU.ActiveCfg = Debug|Any CPU
		{91675B56-F2E3-4D55-8016-111941294677}.Debug|Any CPU.Build.0 = Debug|Any CPU
		{91675B56-F2E3-4D55-8016-111941294677}.Release|Any CPU.ActiveCfg = Release|Any CPU
		{91675B56-F2E3-4D55-8016-111941294677}.Release|Any CPU.Build.0 = Release|Any CPU
	EndGlobalSection
	GlobalSection(SolutionProperties) = preSolution
		HideSolutionNode = FALSE
	EndGlobalSection
	GlobalSection(ExtensibilityGlobals) = postSolution
		SolutionGuid = {C120A0A4-0EFE-4E5E-A8FA-47FD1053EFA4}
	EndGlobalSection
EndGlobal
